
Microsoft Visual Studio Solution File, Format Version 12.00
# Visual Studio Version 16
VisualStudioVersion = 16.0.810.13
MinimumVisualStudioVersion = 10.0.40219.1
Project("{FAE04EC0-301F-11D3-BF4B-00C04F79EFBC}") = "employee_benefits_api", "employee_benefits_api\employee_benefits_api.csproj", "{82EE0747-2E0B-4CF9-B604-D149D90A96FB}"
EndProject
Global
	GlobalSection(SolutionConfigurationPlatforms) = preSolution
		Debug|Any CPU = Debug|Any CPU
		Release|Any CPU = Release|Any CPU
	EndGlobalSection
	GlobalSection(ProjectConfigurationPlatforms) = postSolution
		{82EE0747-2E0B-4CF9-B604-D149D90A96FB}.Debug|Any CPU.ActiveCfg = Debug|Any CPU
		{82EE0747-2E0B-4CF9-B604-D149D90A96FB}.Debug|Any CPU.Build.0 = Debug|Any CPU
		{82EE0747-2E0B-4CF9-B604-D149D90A96FB}.Release|Any CPU.ActiveCfg = Release|Any CPU
		{82EE0747-2E0B-4CF9-B604-D149D90A96FB}.Release|Any CPU.Build.0 = Release|Any CPU
	EndGlobalSection
	GlobalSection(SolutionProperties) = preSolution
		HideSolutionNode = FALSE
	EndGlobalSection
	GlobalSection(ExtensibilityGlobals) = postSolution
		SolutionGuid = {B26A2EB5-9B8E-4542-B8C3-C08DE154F470}
	EndGlobalSection
EndGlobal
